// !$*UTF8*$!
{
	archiveVersion = 1;
	classes = {
	};
	objectVersion = 46;
	objects = {

/* Begin PBXBuildFile section */
		E12CE1281ADCB24B00901A3E /* main.m in Sources */ = {isa = PBXBuildFile; fileRef = E12CE1271ADCB24B00901A3E /* main.m */; };
		E12CE12B1ADCB24B00901A3E /* AppDelegate.m in Sources */ = {isa = PBXBuildFile; fileRef = E12CE12A1ADCB24B00901A3E /* AppDelegate.m */; };
		E12CE12E1ADCB24B00901A3E /* ViewController.m in Sources */ = {isa = PBXBuildFile; fileRef = E12CE12D1ADCB24B00901A3E /* ViewController.m */; };
		E12CE1311ADCB24B00901A3E /* Main.storyboard in Resources */ = {isa = PBXBuildFile; fileRef = E12CE12F1ADCB24B00901A3E /* Main.storyboard */; };
		E12CE1331ADCB24B00901A3E /* Images.xcassets in Resources */ = {isa = PBXBuildFile; fileRef = E12CE1321ADCB24B00901A3E /* Images.xcassets */; };
		E12CE1361ADCB24B00901A3E /* LaunchScreen.xib in Resources */ = {isa = PBXBuildFile; fileRef = E12CE1341ADCB24B00901A3E /* LaunchScreen.xib */; };
		E12CE1421ADCB24B00901A3E /* myRepTests.m in Sources */ = {isa = PBXBuildFile; fileRef = E12CE1411ADCB24B00901A3E /* myRepTests.m */; };
/* End PBXBuildFile section */

/* Begin PBXContainerItemProxy section */
		E12CE13C1ADCB24B00901A3E /* PBXContainerItemProxy */ = {
			isa = PBXContainerItemProxy;
			containerPortal = E12CE11A1ADCB24B00901A3E /* Project object */;
			proxyType = 1;
			remoteGlobalIDString = E12CE1211ADCB24B00901A3E;
			remoteInfo = myRep;
		};
/* End PBXContainerItemProxy section */

/* Begin PBXFileReference section */
		E12CE1221ADCB24B00901A3E /* myRep.app */ = {isa = PBXFileReference; explicitFileType = wrapper.application; includeInIndex = 0; path = myRep.app; sourceTree = BUILT_PRODUCTS_DIR; };
		E12CE1261ADCB24B00901A3E /* Info.plist */ = {isa = PBXFileReference; lastKnownFileType = text.plist.xml; path = Info.plist; sourceTree = "<group>"; };
		E12CE1271ADCB24B00901A3E /* main.m */ = {isa = PBXFileReference; lastKnownFileType = sourcecode.c.objc; path = main.m; sourceTree = "<group>"; };
		E12CE1291ADCB24B00901A3E /* AppDelegate.h */ = {isa = PBXFileReference; lastKnownFileType = sourcecode.c.h; path = AppDelegate.h; sourceTree = "<group>"; };
		E12CE12A1ADCB24B00901A3E /* AppDelegate.m */ = {isa = PBXFileReference; lastKnownFileType = sourcecode.c.objc; path = AppDelegate.m; sourceTree = "<group>"; };
		E12CE12C1ADCB24B00901A3E /* ViewController.h */ = {isa = PBXFileReference; lastKnownFileType = sourcecode.c.h; path = ViewController.h; sourceTree = "<group>"; };
		E12CE12D1ADCB24B00901A3E /* ViewController.m */ = {isa = PBXFileReference; lastKnownFileType = sourcecode.c.objc; path = ViewController.m; sourceTree = "<group>"; };
		E12CE1301ADCB24B00901A3E /* Base */ = {isa = PBXFileReference; lastKnownFileType = file.storyboard; name = Base; path = Base.lproj/Main.storyboard; sourceTree = "<group>"; };
		E12CE1321ADCB24B00901A3E /* Images.xcassets */ = {isa = PBXFileReference; lastKnownFileType = folder.assetcatalog; path = Images.xcassets; sourceTree = "<group>"; };
		E12CE1351ADCB24B00901A3E /* Base */ = {isa = PBXFileReference; lastKnownFileType = file.xib; name = Base; path = Base.lproj/LaunchScreen.xib; sourceTree = "<group>"; };
		E12CE13B1ADCB24B00901A3E /* myRepTests.xctest */ = {isa = PBXFileReference; explicitFileType = wrapper.cfbundle; includeInIndex = 0; path = myRepTests.xctest; sourceTree = BUILT_PRODUCTS_DIR; };
		E12CE1401ADCB24B00901A3E /* Info.plist */ = {isa = PBXFileReference; lastKnownFileType = text.plist.xml; path = Info.plist; sourceTree = "<group>"; };
		E12CE1411ADCB24B00901A3E /* myRepTests.m */ = {isa = PBXFileReference; lastKnownFileType = sourcecode.c.objc; path = myRepTests.m; sourceTree = "<group>"; };
/* End PBXFileReference section */

/* Begin PBXFrameworksBuildPhase section */
		E12CE11F1ADCB24B00901A3E /* Frameworks */ = {
			isa = PBXFrameworksBuildPhase;
			buildActionMask = 2147483647;
			files = (
			);
			runOnlyForDeploymentPostprocessing = 0;
		};
		E12CE1381ADCB24B00901A3E /* Frameworks */ = {
			isa = PBXFrameworksBuildPhase;
			buildActionMask = 2147483647;
			files = (
			);
			runOnlyForDeploymentPostprocessing = 0;
		};
/* End PBXFrameworksBuildPhase section */

/* Begin PBXGroup section */
		E12CE1191ADCB24B00901A3E = {
			isa = PBXGroup;
			children = (
				E12CE1241ADCB24B00901A3E /* myRep */,
				E12CE13E1ADCB24B00901A3E /* myRepTests */,
				E12CE1231ADCB24B00901A3E /* Products */,
			);
			sourceTree = "<group>";
		};
		E12CE1231ADCB24B00901A3E /* Products */ = {
			isa = PBXGroup;
			children = (
				E12CE1221ADCB24B00901A3E /* myRep.app */,
				E12CE13B1ADCB24B00901A3E /* myRepTests.xctest */,
			);
			name = Products;
			sourceTree = "<group>";
		};
		E12CE1241ADCB24B00901A3E /* myRep */ = {
			isa = PBXGroup;
			children = (
				E12CE1291ADCB24B00901A3E /* AppDelegate.h */,
				E12CE12A1ADCB24B00901A3E /* AppDelegate.m */,
				E12CE12C1ADCB24B00901A3E /* ViewController.h */,
				E12CE12D1ADCB24B00901A3E /* ViewController.m */,
				E12CE12F1ADCB24B00901A3E /* Main.storyboard */,
				E12CE1321ADCB24B00901A3E /* Images.xcassets */,
				E12CE1341ADCB24B00901A3E /* LaunchScreen.xib */,
				E12CE1251ADCB24B00901A3E /* Supporting Files */,
			);
			path = myRep;
			sourceTree = "<group>";
		};
		E12CE1251ADCB24B00901A3E /* Supporting Files */ = {
			isa = PBXGroup;
			children = (
				E12CE1261ADCB24B00901A3E /* Info.plist */,
				E12CE1271ADCB24B00901A3E /* main.m */,
			);
			name = "Supporting Files";
			sourceTree = "<group>";
		};
		E12CE13E1ADCB24B00901A3E /* myRepTests */ = {
			isa = PBXGroup;
			children = (
				E12CE1411ADCB24B00901A3E /* myRepTests.m */,
				E12CE13F1ADCB24B00901A3E /* Supporting Files */,
			);
			path = myRepTests;
			sourceTree = "<group>";
		};
		E12CE13F1ADCB24B00901A3E /* Supporting Files */ = {
			isa = PBXGroup;
			children = (
				E12CE1401ADCB24B00901A3E /* Info.plist */,
			);
			name = "Supporting Files";
			sourceTree = "<group>";
		};
/* End PBXGroup section */

/* Begin PBXNativeTarget section */
		E12CE1211ADCB24B00901A3E /* myRep */ = {
			isa = PBXNativeTarget;
			buildConfigurationList = E12CE1451ADCB24B00901A3E /* Build configuration list for PBXNativeTarget "myRep" */;
			buildPhases = (
				E12CE11E1ADCB24B00901A3E /* Sources */,
				E12CE11F1ADCB24B00901A3E /* Frameworks */,
				E12CE1201ADCB24B00901A3E /* Resources */,
			);
			buildRules = (
			);
			dependencies = (
			);
			name = myRep;
			productName = myRep;
			productReference = E12CE1221ADCB24B00901A3E /* myRep.app */;
			productType = "com.apple.product-type.application";
		};
		E12CE13A1ADCB24B00901A3E /* myRepTests */ = {
			isa = PBXNativeTarget;
			buildConfigurationList = E12CE1481ADCB24B00901A3E /* Build configuration list for PBXNativeTarget "myRepTests" */;
			buildPhases = (
				E12CE1371ADCB24B00901A3E /* Sources */,
				E12CE1381ADCB24B00901A3E /* Frameworks */,
				E12CE1391ADCB24B00901A3E /* Resources */,
			);
			buildRules = (
			);
			dependencies = (
				E12CE13D1ADCB24B00901A3E /* PBXTargetDependency */,
			);
			name = myRepTests;
			productName = myRepTests;
			productReference = E12CE13B1ADCB24B00901A3E /* myRepTests.xctest */;
			productType = "com.apple.product-type.bundle.unit-test";
		};
/* End PBXNativeTarget section */

/* Begin PBXProject section */
		E12CE11A1ADCB24B00901A3E /* Project object */ = {
			isa = PBXProject;
			attributes = {
				LastUpgradeCheck = 0620;
				ORGANIZATIONNAME = ccl_bi;
				TargetAttributes = {
					E12CE1211ADCB24B00901A3E = {
						CreatedOnToolsVersion = 6.2;
					};
					E12CE13A1ADCB24B00901A3E = {
						CreatedOnToolsVersion = 6.2;
						TestTargetID = E12CE1211ADCB24B00901A3E;
					};
				};
			};
			buildConfigurationList = E12CE11D1ADCB24B00901A3E /* Build configuration list for PBXProject "myRep" */;
			compatibilityVersion = "Xcode 3.2";
			developmentRegion = English;
			hasScannedForEncodings = 0;
			knownRegions = (
				en,
				Base,
			);
			mainGroup = E12CE1191ADCB24B00901A3E;
			productRefGroup = E12CE1231ADCB24B00901A3E /* Products */;
			projectDirPath = "";
			projectRoot = "";
			targets = (
				E12CE1211ADCB24B00901A3E /* myRep */,
				E12CE13A1ADCB24B00901A3E /* myRepTests */,
			);
		};
/* End PBXProject section */

/* Begin PBXResourcesBuildPhase section */
		E12CE1201ADCB24B00901A3E /* Resources */ = {
			isa = PBXResourcesBuildPhase;
			buildActionMask = 2147483647;
			files = (
				E12CE1311ADCB24B00901A3E /* Main.storyboard in Resources */,
				E12CE1361ADCB24B00901A3E /* LaunchScreen.xib in Resources */,
				E12CE1331ADCB24B00901A3E /* Images.xcassets in Resources */,
			);
			runOnlyForDeploymentPostprocessing = 0;
		};
		E12CE1391ADCB24B00901A3E /* Resources */ = {
			isa = PBXResourcesBuildPhase;
			buildActionMask = 2147483647;
			files = (
			);
			runOnlyForDeploymentPostprocessing = 0;
		};
/* End PBXResourcesBuildPhase section */

/* Begin PBXSourcesBuildPhase section */
		E12CE11E1ADCB24B00901A3E /* Sources */ = {
			isa = PBXSourcesBuildPhase;
			buildActionMask = 2147483647;
			files = (
				E12CE12E1ADCB24B00901A3E /* ViewController.m in Sources */,
				E12CE12B1ADCB24B00901A3E /* AppDelegate.m in Sources */,
				E12CE1281ADCB24B00901A3E /* main.m in Sources */,
			);
			runOnlyForDeploymentPostprocessing = 0;
		};
		E12CE1371ADCB24B00901A3E /* Sources */ = {
			isa = PBXSourcesBuildPhase;
			buildActionMask = 2147483647;
			files = (
				E12CE1421ADCB24B00901A3E /* myRepTests.m in Sources */,
			);
			runOnlyForDeploymentPostprocessing = 0;
		};
/* End PBXSourcesBuildPhase section */

/* Begin PBXTargetDependency section */
		E12CE13D1ADCB24B00901A3E /* PBXTargetDependency */ = {
			isa = PBXTargetDependency;
			target = E12CE1211ADCB24B00901A3E /* myRep */;
			targetProxy = E12CE13C1ADCB24B00901A3E /* PBXContainerItemProxy */;
		};
/* End PBXTargetDependency section */

/* Begin PBXVariantGroup section */
		E12CE12F1ADCB24B00901A3E /* Main.storyboard */ = {
			isa = PBXVariantGroup;
			children = (
				E12CE1301ADCB24B00901A3E /* Base */,
			);
			name = Main.storyboard;
			sourceTree = "<group>";
		};
		E12CE1341ADCB24B00901A3E /* LaunchScreen.xib */ = {
			isa = PBXVariantGroup;
			children = (
				E12CE1351ADCB24B00901A3E /* Base */,
			);
			name = LaunchScreen.xib;
			sourceTree = "<group>";
		};
/* End PBXVariantGroup section */

/* Begin XCBuildConfiguration section */
		E12CE1431ADCB24B00901A3E /* Debug */ = {
			isa = XCBuildConfiguration;
			buildSettings = {
				ALWAYS_SEARCH_USER_PATHS = NO;
				CLANG_CXX_LANGUAGE_STANDARD = "gnu++0x";
				CLANG_CXX_LIBRARY = "libc++";
				CLANG_ENABLE_MODULES = YES;
				CLANG_ENABLE_OBJC_ARC = YES;
				CLANG_WARN_BOOL_CONVERSION = YES;
				CLANG_WARN_CONSTANT_CONVERSION = YES;
				CLANG_WARN_DIRECT_OBJC_ISA_USAGE = YES_ERROR;
				CLANG_WARN_EMPTY_BODY = YES;
				CLANG_WARN_ENUM_CONVERSION = YES;
				CLANG_WARN_INT_CONVERSION = YES;
				CLANG_WARN_OBJC_ROOT_CLASS = YES_ERROR;
				CLANG_WARN_UNREACHABLE_CODE = YES;
				CLANG_WARN__DUPLICATE_METHOD_MATCH = YES;
				"CODE_SIGN_IDENTITY[sdk=iphoneos*]" = "iPhone Developer";
				COPY_PHASE_STRIP = NO;
				ENABLE_STRICT_OBJC_MSGSEND = YES;
				GCC_C_LANGUAGE_STANDARD = gnu99;
				GCC_DYNAMIC_NO_PIC = NO;
				GCC_OPTIMIZATION_LEVEL = 0;
				GCC_PREPROCESSOR_DEFINITIONS = (
					"DEBUG=1",
					"$(inherited)",
				);
				GCC_SYMBOLS_PRIVATE_EXTERN = NO;
				GCC_WARN_64_TO_32_BIT_CONVERSION = YES;
				GCC_WARN_ABOUT_RETURN_TYPE = YES_ERROR;
				GCC_WARN_UNDECLARED_SELECTOR = YES;
				GCC_WARN_UNINITIALIZED_AUTOS = YES_AGGRESSIVE;
				GCC_WARN_UNUSED_FUNCTION = YES;
				GCC_WARN_UNUSED_VARIABLE = YES;
				IPHONEOS_DEPLOYMENT_TARGET = 8.2;
				MTL_ENABLE_DEBUG_INFO = YES;
				ONLY_ACTIVE_ARCH = YES;
				SDKROOT = iphoneos;
				TARGETED_DEVICE_FAMILY = "1,2";
			};
			name = Debug;
		};
		E12CE1441ADCB24B00901A3E /* Release */ = {
			isa = XCBuildConfiguration;
			buildSettings = {
				ALWAYS_SEARCH_USER_PATHS = NO;
				CLANG_CXX_LANGUAGE_STANDARD = "gnu++0x";
				CLANG_CXX_LIBRARY = "libc++";
				CLANG_ENABLE_MODULES = YES;
				CLANG_ENABLE_OBJC_ARC = YES;
				CLANG_WARN_BOOL_CONVERSION = YES;
				CLANG_WARN_CONSTANT_CONVERSION = YES;
				CLANG_WARN_DIRECT_OBJC_ISA_USAGE = YES_ERROR;
				CLANG_WARN_EMPTY_BODY = YES;
				CLANG_WARN_ENUM_CONVERSION = YES;
				CLANG_WARN_INT_CONVERSION = YES;
				CLANG_WARN_OBJC_ROOT_CLASS = YES_ERROR;
				CLANG_WARN_UNREACHABLE_CODE = YES;
				CLANG_WARN__DUPLICATE_METHOD_MATCH = YES;
				"CODE_SIGN_IDENTITY[sdk=iphoneos*]" = "iPhone Developer";
				COPY_PHASE_STRIP = NO;
				ENABLE_NS_ASSERTIONS = NO;
				ENABLE_STRICT_OBJC_MSGSEND = YES;
				GCC_C_LANGUAGE_STANDARD = gnu99;
				GCC_WARN_64_TO_32_BIT_CONVERSION = YES;
				GCC_WARN_ABOUT_RETURN_TYPE = YES_ERROR;
				GCC_WARN_UNDECLARED_SELECTOR = YES;
				GCC_WARN_UNINITIALIZED_AUTOS = YES_AGGRESSIVE;
				GCC_WARN_UNUSED_FUNCTION = YES;
				GCC_WARN_UNUSED_VARIABLE = YES;
				IPHONEOS_DEPLOYMENT_TARGET = 8.2;
				MTL_ENABLE_DEBUG_INFO = NO;
				SDKROOT = iphoneos;
				TARGETED_DEVICE_FAMILY = "1,2";
				VALIDATE_PRODUCT = YES;
			};
			name = Release;
		};
		E12CE1461ADCB24B00901A3E /* Debug */ = {
			isa = XCBuildConfiguration;
			buildSettings = {
				ASSETCATALOG_COMPILER_APPICON_NAME = AppIcon;
				INFOPLIST_FILE = myRep/Info.plist;
				LD_RUNPATH_SEARCH_PATHS = "$(inherited) @executable_path/Frameworks";
				PRODUCT_NAME = "$(TARGET_NAME)";
			};
			name = Debug;
		};
		E12CE1471ADCB24B00901A3E /* Release */ = {
			isa = XCBuildConfiguration;
			buildSettings = {
				ASSETCATALOG_COMPILER_APPICON_NAME = AppIcon;
				INFOPLIST_FILE = myRep/Info.plist;
				LD_RUNPATH_SEARCH_PATHS = "$(inherited) @executable_path/Frameworks";
				PRODUCT_NAME = "$(TARGET_NAME)";
			};
			name = Release;
		};
		E12CE1491ADCB24B00901A3E /* Debug */ = {
			isa = XCBuildConfiguration;
			buildSettings = {
				BUNDLE_LOADER = "$(TEST_HOST)";
				FRAMEWORK_SEARCH_PATHS = (
					"$(SDKROOT)/Developer/Library/Frameworks",
					"$(inherited)",
				);
				GCC_PREPROCESSOR_DEFINITIONS = (
					"DEBUG=1",
					"$(inherited)",
				);
				INFOPLIST_FILE = myRepTests/Info.plist;
				LD_RUNPATH_SEARCH_PATHS = "$(inherited) @executable_path/Frameworks @loader_path/Frameworks";
				PRODUCT_NAME = "$(TARGET_NAME)";
				TEST_HOST = "$(BUILT_PRODUCTS_DIR)/myRep.app/myRep";
			};
			name = Debug;
		};
		E12CE14A1ADCB24B00901A3E /* Release */ = {
			isa = XCBuildConfiguration;
			buildSettings = {
				BUNDLE_LOADER = "$(TEST_HOST)";
				FRAMEWORK_SEARCH_PATHS = (
					"$(SDKROOT)/Developer/Library/Frameworks",
					"$(inherited)",
				);
				INFOPLIST_FILE = myRepTests/Info.plist;
				LD_RUNPATH_SEARCH_PATHS = "$(inherited) @executable_path/Frameworks @loader_path/Frameworks";
				PRODUCT_NAME = "$(TARGET_NAME)";
				TEST_HOST = "$(BUILT_PRODUCTS_DIR)/myRep.app/myRep";
			};
			name = Release;
		};
/* End XCBuildConfiguration section */

/* Begin XCConfigurationList section */
		E12CE11D1ADCB24B00901A3E /* Build configuration list for PBXProject "myRep" */ = {
			isa = XCConfigurationList;
			buildConfigurations = (
				E12CE1431ADCB24B00901A3E /* Debug */,
				E12CE1441ADCB24B00901A3E /* Release */,
			);
			defaultConfigurationIsVisible = 0;
			defaultConfigurationName = Release;
		};
		E12CE1451ADCB24B00901A3E /* Build configuration list for PBXNativeTarget "myRep" */ = {
			isa = XCConfigurationList;
			buildConfigurations = (
				E12CE1461ADCB24B00901A3E /* Debug */,
				E12CE1471ADCB24B00901A3E /* Release */,
			);
			defaultConfigurationIsVisible = 0;
		};
		E12CE1481ADCB24B00901A3E /* Build configuration list for PBXNativeTarget "myRepTests" */ = {
			isa = XCConfigurationList;
			buildConfigurations = (
				E12CE1491ADCB24B00901A3E /* Debug */,
				E12CE14A1ADCB24B00901A3E /* Release */,
			);
			defaultConfigurationIsVisible = 0;
		};
/* End XCConfigurationList section */
	};
	rootObject = E12CE11A1ADCB24B00901A3E /* Project object */;
}
